
Microsoft Visual Studio Solution File, Format Version 12.00
# Visual Studio 2013
VisualStudioVersion = 12.0.21005.1
MinimumVisualStudioVersion = 10.0.40219.1
Project("{8BC9CEB8-8B4A-11D0-8D11-00A0C91BC942}") = "ADT_for_matvarden", "ADT_matvarden\ADT_matvarden.vcxproj", "{DC04D3E6-1724-4E06-9315-F92BD79E1B3C}"
EndProject
Project("{8BC9CEB8-8B4A-11D0-8D11-00A0C91BC942}") = "Forward_List", "Forward_List\Forward_List.vcxproj", "{B65F3B9C-4ECB-46E5-84B9-AE33DDCE1A49}"
EndProject
Project("{8BC9CEB8-8B4A-11D0-8D11-00A0C91BC942}") = "ADT_for_glosor", "ADT_for_glosor\ADT_for_glosor.vcxproj", "{28672A7B-3522-413B-A2EB-B67D05CD2B88}"
EndProject
Project("{8BC9CEB8-8B4A-11D0-8D11-00A0C91BC942}") = "Fakultet", "Fakultet\Fakultet.vcxproj", "{6749E432-5AAE-402F-AD70-89E15C2BF5BF}"
EndProject
Project("{8BC9CEB8-8B4A-11D0-8D11-00A0C91BC942}") = "Komplexitet", "Komplexitets\Komplexitets.vcxproj", "{D8031F75-8FBD-41FB-B516-944852A7D5FB}"
EndProject
Project("{8BC9CEB8-8B4A-11D0-8D11-00A0C91BC942}") = "Forward_List_2", "Forward_List_2\Forward_List_2.vcxproj", "{37F86EFA-47B8-4650-9D02-2A4D5DD100E2}"
EndProject
Project("{8BC9CEB8-8B4A-11D0-8D11-00A0C91BC942}") = "Dejt", "Dejt\Dejt.vcxproj", "{5E078558-48B0-4AB8-BDE3-3D4D629D8ECB}"
EndProject
Project("{FAE04EC0-301F-11D3-BF4B-00C04F79EFBC}") = "LinkedList", "LInkedList\LinkedList.csproj", "{BAC446D0-6684-41C5-8D6A-7692C235D2E6}"
EndProject
Project("{2150E333-8FDC-42A3-9474-1A3956D46DE8}") = ".nuget", ".nuget", "{0B5CF866-E438-4703-9EBA-7D13A7BA8332}"
	ProjectSection(SolutionItems) = preProject
		.nuget\NuGet.Config = .nuget\NuGet.Config
		.nuget\NuGet.exe = .nuget\NuGet.exe
		.nuget\NuGet.targets = .nuget\NuGet.targets
	EndProjectSection
EndProject
Project("{8BC9CEB8-8B4A-11D0-8D11-00A0C91BC942}") = "TradProg", "TradProg\TradProg.vcxproj", "{B67E01BF-9DFC-4FF0-8216-28772A58DF94}"
EndProject
Project("{8BC9CEB8-8B4A-11D0-8D11-00A0C91BC942}") = "Tradprog2", "Tradprog2\Tradprog2.vcxproj", "{13E4BF3A-E5EE-4B48-BDB9-C47CA15BE3B9}"
EndProject
Global
	GlobalSection(SolutionConfigurationPlatforms) = preSolution
		Debug|Any CPU = Debug|Any CPU
		Debug|ARM = Debug|ARM
		Debug|Mixed Platforms = Debug|Mixed Platforms
		Debug|Win32 = Debug|Win32
		Debug|x64 = Debug|x64
		Debug|x86 = Debug|x86
		Release|Any CPU = Release|Any CPU
		Release|ARM = Release|ARM
		Release|Mixed Platforms = Release|Mixed Platforms
		Release|Win32 = Release|Win32
		Release|x64 = Release|x64
		Release|x86 = Release|x86
	EndGlobalSection
	GlobalSection(ProjectConfigurationPlatforms) = postSolution
		{DC04D3E6-1724-4E06-9315-F92BD79E1B3C}.Debug|Any CPU.ActiveCfg = Debug|Win32
		{DC04D3E6-1724-4E06-9315-F92BD79E1B3C}.Debug|ARM.ActiveCfg = Debug|Win32
		{DC04D3E6-1724-4E06-9315-F92BD79E1B3C}.Debug|Mixed Platforms.ActiveCfg = Debug|Win32
		{DC04D3E6-1724-4E06-9315-F92BD79E1B3C}.Debug|Mixed Platforms.Build.0 = Debug|Win32
		{DC04D3E6-1724-4E06-9315-F92BD79E1B3C}.Debug|Win32.ActiveCfg = Debug|Win32
		{DC04D3E6-1724-4E06-9315-F92BD79E1B3C}.Debug|Win32.Build.0 = Debug|Win32
		{DC04D3E6-1724-4E06-9315-F92BD79E1B3C}.Debug|x64.ActiveCfg = Debug|Win32
		{DC04D3E6-1724-4E06-9315-F92BD79E1B3C}.Debug|x86.ActiveCfg = Debug|Win32
		{DC04D3E6-1724-4E06-9315-F92BD79E1B3C}.Debug|x86.Build.0 = Debug|Win32
		{DC04D3E6-1724-4E06-9315-F92BD79E1B3C}.Release|Any CPU.ActiveCfg = Release|Win32
		{DC04D3E6-1724-4E06-9315-F92BD79E1B3C}.Release|ARM.ActiveCfg = Release|Win32
		{DC04D3E6-1724-4E06-9315-F92BD79E1B3C}.Release|Mixed Platforms.ActiveCfg = Release|Win32
		{DC04D3E6-1724-4E06-9315-F92BD79E1B3C}.Release|Mixed Platforms.Build.0 = Release|Win32
		{DC04D3E6-1724-4E06-9315-F92BD79E1B3C}.Release|Win32.ActiveCfg = Release|Win32
		{DC04D3E6-1724-4E06-9315-F92BD79E1B3C}.Release|Win32.Build.0 = Release|Win32
		{DC04D3E6-1724-4E06-9315-F92BD79E1B3C}.Release|x64.ActiveCfg = Release|Win32
		{DC04D3E6-1724-4E06-9315-F92BD79E1B3C}.Release|x86.ActiveCfg = Release|Win32
		{DC04D3E6-1724-4E06-9315-F92BD79E1B3C}.Release|x86.Build.0 = Release|Win32
		{B65F3B9C-4ECB-46E5-84B9-AE33DDCE1A49}.Debug|Any CPU.ActiveCfg = Debug|Win32
		{B65F3B9C-4ECB-46E5-84B9-AE33DDCE1A49}.Debug|ARM.ActiveCfg = Debug|Win32
		{B65F3B9C-4ECB-46E5-84B9-AE33DDCE1A49}.Debug|Mixed Platforms.ActiveCfg = Debug|Win32
		{B65F3B9C-4ECB-46E5-84B9-AE33DDCE1A49}.Debug|Mixed Platforms.Build.0 = Debug|Win32
		{B65F3B9C-4ECB-46E5-84B9-AE33DDCE1A49}.Debug|Win32.ActiveCfg = Debug|Win32
		{B65F3B9C-4ECB-46E5-84B9-AE33DDCE1A49}.Debug|Win32.Build.0 = Debug|Win32
		{B65F3B9C-4ECB-46E5-84B9-AE33DDCE1A49}.Debug|x64.ActiveCfg = Debug|Win32
		{B65F3B9C-4ECB-46E5-84B9-AE33DDCE1A49}.Debug|x86.ActiveCfg = Debug|Win32
		{B65F3B9C-4ECB-46E5-84B9-AE33DDCE1A49}.Debug|x86.Build.0 = Debug|Win32
		{B65F3B9C-4ECB-46E5-84B9-AE33DDCE1A49}.Release|Any CPU.ActiveCfg = Release|Win32
		{B65F3B9C-4ECB-46E5-84B9-AE33DDCE1A49}.Release|ARM.ActiveCfg = Release|Win32
		{B65F3B9C-4ECB-46E5-84B9-AE33DDCE1A49}.Release|Mixed Platforms.ActiveCfg = Release|Win32
		{B65F3B9C-4ECB-46E5-84B9-AE33DDCE1A49}.Release|Mixed Platforms.Build.0 = Release|Win32
		{B65F3B9C-4ECB-46E5-84B9-AE33DDCE1A49}.Release|Win32.ActiveCfg = Release|Win32
		{B65F3B9C-4ECB-46E5-84B9-AE33DDCE1A49}.Release|Win32.Build.0 = Release|Win32
		{B65F3B9C-4ECB-46E5-84B9-AE33DDCE1A49}.Release|x64.ActiveCfg = Release|Win32
		{B65F3B9C-4ECB-46E5-84B9-AE33DDCE1A49}.Release|x86.ActiveCfg = Release|Win32
		{B65F3B9C-4ECB-46E5-84B9-AE33DDCE1A49}.Release|x86.Build.0 = Release|Win32
		{28672A7B-3522-413B-A2EB-B67D05CD2B88}.Debug|Any CPU.ActiveCfg = Debug|Win32
		{28672A7B-3522-413B-A2EB-B67D05CD2B88}.Debug|ARM.ActiveCfg = Debug|Win32
		{28672A7B-3522-413B-A2EB-B67D05CD2B88}.Debug|Mixed Platforms.ActiveCfg = Debug|Win32
		{28672A7B-3522-413B-A2EB-B67D05CD2B88}.Debug|Mixed Platforms.Build.0 = Debug|Win32
		{28672A7B-3522-413B-A2EB-B67D05CD2B88}.Debug|Win32.ActiveCfg = Debug|Win32
		{28672A7B-3522-413B-A2EB-B67D05CD2B88}.Debug|Win32.Build.0 = Debug|Win32
		{28672A7B-3522-413B-A2EB-B67D05CD2B88}.Debug|x64.ActiveCfg = Debug|Win32
		{28672A7B-3522-413B-A2EB-B67D05CD2B88}.Debug|x86.ActiveCfg = Debug|Win32
		{28672A7B-3522-413B-A2EB-B67D05CD2B88}.Debug|x86.Build.0 = Debug|Win32
		{28672A7B-3522-413B-A2EB-B67D05CD2B88}.Release|Any CPU.ActiveCfg = Release|Win32
		{28672A7B-3522-413B-A2EB-B67D05CD2B88}.Release|ARM.ActiveCfg = Release|Win32
		{28672A7B-3522-413B-A2EB-B67D05CD2B88}.Release|Mixed Platforms.ActiveCfg = Release|Win32
		{28672A7B-3522-413B-A2EB-B67D05CD2B88}.Release|Mixed Platforms.Build.0 = Release|Win32
		{28672A7B-3522-413B-A2EB-B67D05CD2B88}.Release|Win32.ActiveCfg = Release|Win32
		{28672A7B-3522-413B-A2EB-B67D05CD2B88}.Release|Win32.Build.0 = Release|Win32
		{28672A7B-3522-413B-A2EB-B67D05CD2B88}.Release|x64.ActiveCfg = Release|Win32
		{28672A7B-3522-413B-A2EB-B67D05CD2B88}.Release|x86.ActiveCfg = Release|Win32
		{28672A7B-3522-413B-A2EB-B67D05CD2B88}.Release|x86.Build.0 = Release|Win32
		{6749E432-5AAE-402F-AD70-89E15C2BF5BF}.Debug|Any CPU.ActiveCfg = Debug|Win32
		{6749E432-5AAE-402F-AD70-89E15C2BF5BF}.Debug|ARM.ActiveCfg = Debug|Win32
		{6749E432-5AAE-402F-AD70-89E15C2BF5BF}.Debug|Mixed Platforms.ActiveCfg = Debug|Win32
		{6749E432-5AAE-402F-AD70-89E15C2BF5BF}.Debug|Mixed Platforms.Build.0 = Debug|Win32
		{6749E432-5AAE-402F-AD70-89E15C2BF5BF}.Debug|Win32.ActiveCfg = Debug|Win32
		{6749E432-5AAE-402F-AD70-89E15C2BF5BF}.Debug|Win32.Build.0 = Debug|Win32
		{6749E432-5AAE-402F-AD70-89E15C2BF5BF}.Debug|x64.ActiveCfg = Debug|Win32
		{6749E432-5AAE-402F-AD70-89E15C2BF5BF}.Debug|x86.ActiveCfg = Debug|Win32
		{6749E432-5AAE-402F-AD70-89E15C2BF5BF}.Debug|x86.Build.0 = Debug|Win32
		{6749E432-5AAE-402F-AD70-89E15C2BF5BF}.Release|Any CPU.ActiveCfg = Release|Win32
		{6749E432-5AAE-402F-AD70-89E15C2BF5BF}.Release|ARM.ActiveCfg = Release|Win32
		{6749E432-5AAE-402F-AD70-89E15C2BF5BF}.Release|Mixed Platforms.ActiveCfg = Release|Win32
		{6749E432-5AAE-402F-AD70-89E15C2BF5BF}.Release|Mixed Platforms.Build.0 = Release|Win32
		{6749E432-5AAE-402F-AD70-89E15C2BF5BF}.Release|Win32.ActiveCfg = Release|Win32
		{6749E432-5AAE-402F-AD70-89E15C2BF5BF}.Release|Win32.Build.0 = Release|Win32
		{6749E432-5AAE-402F-AD70-89E15C2BF5BF}.Release|x64.ActiveCfg = Release|Win32
		{6749E432-5AAE-402F-AD70-89E15C2BF5BF}.Release|x86.ActiveCfg = Release|Win32
		{6749E432-5AAE-402F-AD70-89E15C2BF5BF}.Release|x86.Build.0 = Release|Win32
		{D8031F75-8FBD-41FB-B516-944852A7D5FB}.Debug|Any CPU.ActiveCfg = Debug|Win32
		{D8031F75-8FBD-41FB-B516-944852A7D5FB}.Debug|ARM.ActiveCfg = Debug|Win32
		{D8031F75-8FBD-41FB-B516-944852A7D5FB}.Debug|Mixed Platforms.ActiveCfg = Debug|Win32
		{D8031F75-8FBD-41FB-B516-944852A7D5FB}.Debug|Mixed Platforms.Build.0 = Debug|Win32
		{D8031F75-8FBD-41FB-B516-944852A7D5FB}.Debug|Win32.ActiveCfg = Debug|Win32
		{D8031F75-8FBD-41FB-B516-944852A7D5FB}.Debug|Win32.Build.0 = Debug|Win32
		{D8031F75-8FBD-41FB-B516-944852A7D5FB}.Debug|x64.ActiveCfg = Debug|Win32
		{D8031F75-8FBD-41FB-B516-944852A7D5FB}.Debug|x86.ActiveCfg = Debug|Win32
		{D8031F75-8FBD-41FB-B516-944852A7D5FB}.Debug|x86.Build.0 = Debug|Win32
		{D8031F75-8FBD-41FB-B516-944852A7D5FB}.Release|Any CPU.ActiveCfg = Release|Win32
		{D8031F75-8FBD-41FB-B516-944852A7D5FB}.Release|ARM.ActiveCfg = Release|Win32
		{D8031F75-8FBD-41FB-B516-944852A7D5FB}.Release|Mixed Platforms.ActiveCfg = Release|Win32
		{D8031F75-8FBD-41FB-B516-944852A7D5FB}.Release|Mixed Platforms.Build.0 = Release|Win32
		{D8031F75-8FBD-41FB-B516-944852A7D5FB}.Release|Win32.ActiveCfg = Release|Win32
		{D8031F75-8FBD-41FB-B516-944852A7D5FB}.Release|Win32.Build.0 = Release|Win32
		{D8031F75-8FBD-41FB-B516-944852A7D5FB}.Release|x64.ActiveCfg = Release|Win32
		{D8031F75-8FBD-41FB-B516-944852A7D5FB}.Release|x86.ActiveCfg = Release|Win32
		{D8031F75-8FBD-41FB-B516-944852A7D5FB}.Release|x86.Build.0 = Release|Win32
		{37F86EFA-47B8-4650-9D02-2A4D5DD100E2}.Debug|Any CPU.ActiveCfg = Debug|Win32
		{37F86EFA-47B8-4650-9D02-2A4D5DD100E2}.Debug|ARM.ActiveCfg = Debug|Win32
		{37F86EFA-47B8-4650-9D02-2A4D5DD100E2}.Debug|Mixed Platforms.ActiveCfg = Debug|Win32
		{37F86EFA-47B8-4650-9D02-2A4D5DD100E2}.Debug|Mixed Platforms.Build.0 = Debug|Win32
		{37F86EFA-47B8-4650-9D02-2A4D5DD100E2}.Debug|Win32.ActiveCfg = Debug|Win32
		{37F86EFA-47B8-4650-9D02-2A4D5DD100E2}.Debug|Win32.Build.0 = Debug|Win32
		{37F86EFA-47B8-4650-9D02-2A4D5DD100E2}.Debug|x64.ActiveCfg = Debug|Win32
		{37F86EFA-47B8-4650-9D02-2A4D5DD100E2}.Debug|x86.ActiveCfg = Debug|Win32
		{37F86EFA-47B8-4650-9D02-2A4D5DD100E2}.Debug|x86.Build.0 = Debug|Win32
		{37F86EFA-47B8-4650-9D02-2A4D5DD100E2}.Release|Any CPU.ActiveCfg = Release|Win32
		{37F86EFA-47B8-4650-9D02-2A4D5DD100E2}.Release|ARM.ActiveCfg = Release|Win32
		{37F86EFA-47B8-4650-9D02-2A4D5DD100E2}.Release|Mixed Platforms.ActiveCfg = Release|Win32
		{37F86EFA-47B8-4650-9D02-2A4D5DD100E2}.Release|Mixed Platforms.Build.0 = Release|Win32
		{37F86EFA-47B8-4650-9D02-2A4D5DD100E2}.Release|Win32.ActiveCfg = Release|Win32
		{37F86EFA-47B8-4650-9D02-2A4D5DD100E2}.Release|Win32.Build.0 = Release|Win32
		{37F86EFA-47B8-4650-9D02-2A4D5DD100E2}.Release|x64.ActiveCfg = Release|Win32
		{37F86EFA-47B8-4650-9D02-2A4D5DD100E2}.Release|x86.ActiveCfg = Release|Win32
		{37F86EFA-47B8-4650-9D02-2A4D5DD100E2}.Release|x86.Build.0 = Release|Win32
		{5E078558-48B0-4AB8-BDE3-3D4D629D8ECB}.Debug|Any CPU.ActiveCfg = Debug|Win32
		{5E078558-48B0-4AB8-BDE3-3D4D629D8ECB}.Debug|ARM.ActiveCfg = Debug|Win32
		{5E078558-48B0-4AB8-BDE3-3D4D629D8ECB}.Debug|Mixed Platforms.ActiveCfg = Debug|Win32
		{5E078558-48B0-4AB8-BDE3-3D4D629D8ECB}.Debug|Mixed Platforms.Build.0 = Debug|Win32
		{5E078558-48B0-4AB8-BDE3-3D4D629D8ECB}.Debug|Win32.ActiveCfg = Debug|Win32
		{5E078558-48B0-4AB8-BDE3-3D4D629D8ECB}.Debug|Win32.Build.0 = Debug|Win32
		{5E078558-48B0-4AB8-BDE3-3D4D629D8ECB}.Debug|x64.ActiveCfg = Debug|Win32
		{5E078558-48B0-4AB8-BDE3-3D4D629D8ECB}.Debug|x86.ActiveCfg = Debug|Win32
		{5E078558-48B0-4AB8-BDE3-3D4D629D8ECB}.Debug|x86.Build.0 = Debug|Win32
		{5E078558-48B0-4AB8-BDE3-3D4D629D8ECB}.Release|Any CPU.ActiveCfg = Release|Win32
		{5E078558-48B0-4AB8-BDE3-3D4D629D8ECB}.Release|ARM.ActiveCfg = Release|Win32
		{5E078558-48B0-4AB8-BDE3-3D4D629D8ECB}.Release|Mixed Platforms.ActiveCfg = Release|Win32
		{5E078558-48B0-4AB8-BDE3-3D4D629D8ECB}.Release|Mixed Platforms.Build.0 = Release|Win32
		{5E078558-48B0-4AB8-BDE3-3D4D629D8ECB}.Release|Win32.ActiveCfg = Release|Win32
		{5E078558-48B0-4AB8-BDE3-3D4D629D8ECB}.Release|Win32.Build.0 = Release|Win32
		{5E078558-48B0-4AB8-BDE3-3D4D629D8ECB}.Release|x64.ActiveCfg = Release|Win32
		{5E078558-48B0-4AB8-BDE3-3D4D629D8ECB}.Release|x86.ActiveCfg = Release|Win32
		{5E078558-48B0-4AB8-BDE3-3D4D629D8ECB}.Release|x86.Build.0 = Release|Win32
		{BAC446D0-6684-41C5-8D6A-7692C235D2E6}.Debug|Any CPU.ActiveCfg = Debug|Any CPU
		{BAC446D0-6684-41C5-8D6A-7692C235D2E6}.Debug|Any CPU.Build.0 = Debug|Any CPU
		{BAC446D0-6684-41C5-8D6A-7692C235D2E6}.Debug|ARM.ActiveCfg = Debug|Any CPU
		{BAC446D0-6684-41C5-8D6A-7692C235D2E6}.Debug|Mixed Platforms.ActiveCfg = Debug|Any CPU
		{BAC446D0-6684-41C5-8D6A-7692C235D2E6}.Debug|Mixed Platforms.Build.0 = Debug|Any CPU
		{BAC446D0-6684-41C5-8D6A-7692C235D2E6}.Debug|Win32.ActiveCfg = Debug|Any CPU
		{BAC446D0-6684-41C5-8D6A-7692C235D2E6}.Debug|x64.ActiveCfg = Debug|Any CPU
		{BAC446D0-6684-41C5-8D6A-7692C235D2E6}.Debug|x86.ActiveCfg = Debug|Any CPU
		{BAC446D0-6684-41C5-8D6A-7692C235D2E6}.Release|Any CPU.ActiveCfg = Release|Any CPU
		{BAC446D0-6684-41C5-8D6A-7692C235D2E6}.Release|Any CPU.Build.0 = Release|Any CPU
		{BAC446D0-6684-41C5-8D6A-7692C235D2E6}.Release|ARM.ActiveCfg = Release|Any CPU
		{BAC446D0-6684-41C5-8D6A-7692C235D2E6}.Release|Mixed Platforms.ActiveCfg = Release|Any CPU
		{BAC446D0-6684-41C5-8D6A-7692C235D2E6}.Release|Mixed Platforms.Build.0 = Release|Any CPU
		{BAC446D0-6684-41C5-8D6A-7692C235D2E6}.Release|Win32.ActiveCfg = Release|Any CPU
		{BAC446D0-6684-41C5-8D6A-7692C235D2E6}.Release|x64.ActiveCfg = Release|Any CPU
		{BAC446D0-6684-41C5-8D6A-7692C235D2E6}.Release|x86.ActiveCfg = Release|Any CPU
		{B67E01BF-9DFC-4FF0-8216-28772A58DF94}.Debug|Any CPU.ActiveCfg = Debug|Win32
		{B67E01BF-9DFC-4FF0-8216-28772A58DF94}.Debug|ARM.ActiveCfg = Debug|Win32
		{B67E01BF-9DFC-4FF0-8216-28772A58DF94}.Debug|Mixed Platforms.ActiveCfg = Debug|Win32
		{B67E01BF-9DFC-4FF0-8216-28772A58DF94}.Debug|Mixed Platforms.Build.0 = Debug|Win32
		{B67E01BF-9DFC-4FF0-8216-28772A58DF94}.Debug|Win32.ActiveCfg = Debug|Win32
		{B67E01BF-9DFC-4FF0-8216-28772A58DF94}.Debug|Win32.Build.0 = Debug|Win32
		{B67E01BF-9DFC-4FF0-8216-28772A58DF94}.Debug|x64.ActiveCfg = Debug|Win32
		{B67E01BF-9DFC-4FF0-8216-28772A58DF94}.Debug|x86.ActiveCfg = Debug|Win32
		{B67E01BF-9DFC-4FF0-8216-28772A58DF94}.Debug|x86.Build.0 = Debug|Win32
		{B67E01BF-9DFC-4FF0-8216-28772A58DF94}.Release|Any CPU.ActiveCfg = Release|Win32
		{B67E01BF-9DFC-4FF0-8216-28772A58DF94}.Release|ARM.ActiveCfg = Release|Win32
		{B67E01BF-9DFC-4FF0-8216-28772A58DF94}.Release|Mixed Platforms.ActiveCfg = Release|Win32
		{B67E01BF-9DFC-4FF0-8216-28772A58DF94}.Release|Mixed Platforms.Build.0 = Release|Win32
		{B67E01BF-9DFC-4FF0-8216-28772A58DF94}.Release|Win32.ActiveCfg = Release|Win32
		{B67E01BF-9DFC-4FF0-8216-28772A58DF94}.Release|Win32.Build.0 = Release|Win32
		{B67E01BF-9DFC-4FF0-8216-28772A58DF94}.Release|x64.ActiveCfg = Release|Win32
		{B67E01BF-9DFC-4FF0-8216-28772A58DF94}.Release|x86.ActiveCfg = Release|Win32
		{B67E01BF-9DFC-4FF0-8216-28772A58DF94}.Release|x86.Build.0 = Release|Win32
		{13E4BF3A-E5EE-4B48-BDB9-C47CA15BE3B9}.Debug|Any CPU.ActiveCfg = Debug|Win32
		{13E4BF3A-E5EE-4B48-BDB9-C47CA15BE3B9}.Debug|ARM.ActiveCfg = Debug|Win32
		{13E4BF3A-E5EE-4B48-BDB9-C47CA15BE3B9}.Debug|Mixed Platforms.ActiveCfg = Debug|Win32
		{13E4BF3A-E5EE-4B48-BDB9-C47CA15BE3B9}.Debug|Mixed Platforms.Build.0 = Debug|Win32
		{13E4BF3A-E5EE-4B48-BDB9-C47CA15BE3B9}.Debug|Win32.ActiveCfg = Debug|Win32
		{13E4BF3A-E5EE-4B48-BDB9-C47CA15BE3B9}.Debug|Win32.Build.0 = Debug|Win32
		{13E4BF3A-E5EE-4B48-BDB9-C47CA15BE3B9}.Debug|x64.ActiveCfg = Debug|Win32
		{13E4BF3A-E5EE-4B48-BDB9-C47CA15BE3B9}.Debug|x86.ActiveCfg = Debug|Win32
		{13E4BF3A-E5EE-4B48-BDB9-C47CA15BE3B9}.Debug|x86.Build.0 = Debug|Win32
		{13E4BF3A-E5EE-4B48-BDB9-C47CA15BE3B9}.Release|Any CPU.ActiveCfg = Release|Win32
		{13E4BF3A-E5EE-4B48-BDB9-C47CA15BE3B9}.Release|ARM.ActiveCfg = Release|Win32
		{13E4BF3A-E5EE-4B48-BDB9-C47CA15BE3B9}.Release|Mixed Platforms.ActiveCfg = Release|Win32
		{13E4BF3A-E5EE-4B48-BDB9-C47CA15BE3B9}.Release|Mixed Platforms.Build.0 = Release|Win32
		{13E4BF3A-E5EE-4B48-BDB9-C47CA15BE3B9}.Release|Win32.ActiveCfg = Release|Win32
		{13E4BF3A-E5EE-4B48-BDB9-C47CA15BE3B9}.Release|Win32.Build.0 = Release|Win32
		{13E4BF3A-E5EE-4B48-BDB9-C47CA15BE3B9}.Release|x64.ActiveCfg = Release|Win32
		{13E4BF3A-E5EE-4B48-BDB9-C47CA15BE3B9}.Release|x86.ActiveCfg = Release|Win32
		{13E4BF3A-E5EE-4B48-BDB9-C47CA15BE3B9}.Release|x86.Build.0 = Release|Win32
	EndGlobalSection
	GlobalSection(SolutionProperties) = preSolution
		HideSolutionNode = FALSE
	EndGlobalSection
EndGlobal
